
Microsoft Visual Studio Solution File, Format Version 12.00
# Visual Studio Version 17
VisualStudioVersion = 17.4.33122.133
MinimumVisualStudioVersion = 10.0.40219.1
Project("{8BC9CEB8-8B4A-11D0-8D11-00A0C91BC942}") = "01. Hello SoftUni", "01. Hello SoftUni\01. Hello SoftUni.vcxproj", "{E84131CB-2ABD-4EFD-9FF9-32FC00726459}"
EndProject
Project("{8BC9CEB8-8B4A-11D0-8D11-00A0C91BC942}") = "02. Nums 1 to 10", "02. Nums 1 to 10\02. Nums 1 to 10.vcxproj", "{08407043-4289-400E-AA0B-70F9A03A77E2}"
EndProject
Project("{8BC9CEB8-8B4A-11D0-8D11-00A0C91BC942}") = "03. Rectangle Area", "03. Rectangle Area\03. Rectangle Area.vcxproj", "{0F5639EF-93DC-4F35-B04D-921F19C02F11}"
EndProject
Project("{8BC9CEB8-8B4A-11D0-8D11-00A0C91BC942}") = "04. Inches to Centimeters", "04. Inches to Centimeters\04. Inches to Centimeters.vcxproj", "{E04E3C15-F3DF-4319-B0A1-4A6490EA8006}"
EndProject
Project("{8BC9CEB8-8B4A-11D0-8D11-00A0C91BC942}") = "05. Greeting by Name", "05. Greeting by Name\05. Greeting by Name.vcxproj", "{B13ECD69-1D47-4990-A682-D462FFE0632A}"
EndProject
Project("{8BC9CEB8-8B4A-11D0-8D11-00A0C91BC942}") = "06. Concatenate Data", "06. Concatenate Data\06. Concatenate Data.vcxproj", "{0AC63E46-3A2A-4D7F-AA54-EAEBE66EA507}"
EndProject
Project("{8BC9CEB8-8B4A-11D0-8D11-00A0C91BC942}") = "07. Projects Creation", "07. Projects Creation\07. Projects Creation.vcxproj", "{BEA7D7B7-A57A-4E31-A644-08052BEA3404}"
EndProject
Project("{8BC9CEB8-8B4A-11D0-8D11-00A0C91BC942}") = "08. Pet Shop", "08. Pet Shop\08. Pet Shop.vcxproj", "{0AB4A095-D7BD-4ED3-90C1-08DAB65F405D}"
EndProject
Project("{8BC9CEB8-8B4A-11D0-8D11-00A0C91BC942}") = "09. Yard Greening", "09. Yard Greening\09. Yard Greening.vcxproj", "{17830287-B089-4416-B21E-93BED79559A3}"
EndProject
Global
	GlobalSection(SolutionConfigurationPlatforms) = preSolution
		Debug|x64 = Debug|x64
		Debug|x86 = Debug|x86
		Release|x64 = Release|x64
		Release|x86 = Release|x86
	EndGlobalSection
	GlobalSection(ProjectConfigurationPlatforms) = postSolution
		{E84131CB-2ABD-4EFD-9FF9-32FC00726459}.Debug|x64.ActiveCfg = Debug|x64
		{E84131CB-2ABD-4EFD-9FF9-32FC00726459}.Debug|x64.Build.0 = Debug|x64
		{E84131CB-2ABD-4EFD-9FF9-32FC00726459}.Debug|x86.ActiveCfg = Debug|Win32
		{E84131CB-2ABD-4EFD-9FF9-32FC00726459}.Debug|x86.Build.0 = Debug|Win32
		{E84131CB-2ABD-4EFD-9FF9-32FC00726459}.Release|x64.ActiveCfg = Release|x64
		{E84131CB-2ABD-4EFD-9FF9-32FC00726459}.Release|x64.Build.0 = Release|x64
		{E84131CB-2ABD-4EFD-9FF9-32FC00726459}.Release|x86.ActiveCfg = Release|Win32
		{E84131CB-2ABD-4EFD-9FF9-32FC00726459}.Release|x86.Build.0 = Release|Win32
		{08407043-4289-400E-AA0B-70F9A03A77E2}.Debug|x64.ActiveCfg = Debug|x64
		{08407043-4289-400E-AA0B-70F9A03A77E2}.Debug|x64.Build.0 = Debug|x64
		{08407043-4289-400E-AA0B-70F9A03A77E2}.Debug|x86.ActiveCfg = Debug|Win32
		{08407043-4289-400E-AA0B-70F9A03A77E2}.Debug|x86.Build.0 = Debug|Win32
		{08407043-4289-400E-AA0B-70F9A03A77E2}.Release|x64.ActiveCfg = Release|x64
		{08407043-4289-400E-AA0B-70F9A03A77E2}.Release|x64.Build.0 = Release|x64
		{08407043-4289-400E-AA0B-70F9A03A77E2}.Release|x86.ActiveCfg = Release|Win32
		{08407043-4289-400E-AA0B-70F9A03A77E2}.Release|x86.Build.0 = Release|Win32
		{0F5639EF-93DC-4F35-B04D-921F19C02F11}.Debug|x64.ActiveCfg = Debug|x64
		{0F5639EF-93DC-4F35-B04D-921F19C02F11}.Debug|x64.Build.0 = Debug|x64
		{0F5639EF-93DC-4F35-B04D-921F19C02F11}.Debug|x86.ActiveCfg = Debug|Win32
		{0F5639EF-93DC-4F35-B04D-921F19C02F11}.Debug|x86.Build.0 = Debug|Win32
		{0F5639EF-93DC-4F35-B04D-921F19C02F11}.Release|x64.ActiveCfg = Release|x64
		{0F5639EF-93DC-4F35-B04D-921F19C02F11}.Release|x64.Build.0 = Release|x64
		{0F5639EF-93DC-4F35-B04D-921F19C02F11}.Release|x86.ActiveCfg = Release|Win32
		{0F5639EF-93DC-4F35-B04D-921F19C02F11}.Release|x86.Build.0 = Release|Win32
		{E04E3C15-F3DF-4319-B0A1-4A6490EA8006}.Debug|x64.ActiveCfg = Debug|x64
		{E04E3C15-F3DF-4319-B0A1-4A6490EA8006}.Debug|x64.Build.0 = Debug|x64
		{E04E3C15-F3DF-4319-B0A1-4A6490EA8006}.Debug|x86.ActiveCfg = Debug|Win32
		{E04E3C15-F3DF-4319-B0A1-4A6490EA8006}.Debug|x86.Build.0 = Debug|Win32
		{E04E3C15-F3DF-4319-B0A1-4A6490EA8006}.Release|x64.ActiveCfg = Release|x64
		{E04E3C15-F3DF-4319-B0A1-4A6490EA8006}.Release|x64.Build.0 = Release|x64
		{E04E3C15-F3DF-4319-B0A1-4A6490EA8006}.Release|x86.ActiveCfg = Release|Win32
		{E04E3C15-F3DF-4319-B0A1-4A6490EA8006}.Release|x86.Build.0 = Release|Win32
		{B13ECD69-1D47-4990-A682-D462FFE0632A}.Debug|x64.ActiveCfg = Debug|x64
		{B13ECD69-1D47-4990-A682-D462FFE0632A}.Debug|x64.Build.0 = Debug|x64
		{B13ECD69-1D47-4990-A682-D462FFE0632A}.Debug|x86.ActiveCfg = Debug|Win32
		{B13ECD69-1D47-4990-A682-D462FFE0632A}.Debug|x86.Build.0 = Debug|Win32
		{B13ECD69-1D47-4990-A682-D462FFE0632A}.Release|x64.ActiveCfg = Release|x64
		{B13ECD69-1D47-4990-A682-D462FFE0632A}.Release|x64.Build.0 = Release|x64
		{B13ECD69-1D47-4990-A682-D462FFE0632A}.Release|x86.ActiveCfg = Release|Win32
		{B13ECD69-1D47-4990-A682-D462FFE0632A}.Release|x86.Build.0 = Release|Win32
		{0AC63E46-3A2A-4D7F-AA54-EAEBE66EA507}.Debug|x64.ActiveCfg = Debug|x64
		{0AC63E46-3A2A-4D7F-AA54-EAEBE66EA507}.Debug|x64.Build.0 = Debug|x64
		{0AC63E46-3A2A-4D7F-AA54-EAEBE66EA507}.Debug|x86.ActiveCfg = Debug|Win32
		{0AC63E46-3A2A-4D7F-AA54-EAEBE66EA507}.Debug|x86.Build.0 = Debug|Win32
		{0AC63E46-3A2A-4D7F-AA54-EAEBE66EA507}.Release|x64.ActiveCfg = Release|x64
		{0AC63E46-3A2A-4D7F-AA54-EAEBE66EA507}.Release|x64.Build.0 = Release|x64
		{0AC63E46-3A2A-4D7F-AA54-EAEBE66EA507}.Release|x86.ActiveCfg = Release|Win32
		{0AC63E46-3A2A-4D7F-AA54-EAEBE66EA507}.Release|x86.Build.0 = Release|Win32
		{BEA7D7B7-A57A-4E31-A644-08052BEA3404}.Debug|x64.ActiveCfg = Debug|x64
		{BEA7D7B7-A57A-4E31-A644-08052BEA3404}.Debug|x64.Build.0 = Debug|x64
		{BEA7D7B7-A57A-4E31-A644-08052BEA3404}.Debug|x86.ActiveCfg = Debug|Win32
		{BEA7D7B7-A57A-4E31-A644-08052BEA3404}.Debug|x86.Build.0 = Debug|Win32
		{BEA7D7B7-A57A-4E31-A644-08052BEA3404}.Release|x64.ActiveCfg = Release|x64
		{BEA7D7B7-A57A-4E31-A644-08052BEA3404}.Release|x64.Build.0 = Release|x64
		{BEA7D7B7-A57A-4E31-A644-08052BEA3404}.Release|x86.ActiveCfg = Release|Win32
		{BEA7D7B7-A57A-4E31-A644-08052BEA3404}.Release|x86.Build.0 = Release|Win32
		{0AB4A095-D7BD-4ED3-90C1-08DAB65F405D}.Debug|x64.ActiveCfg = Debug|x64
		{0AB4A095-D7BD-4ED3-90C1-08DAB65F405D}.Debug|x64.Build.0 = Debug|x64
		{0AB4A095-D7BD-4ED3-90C1-08DAB65F405D}.Debug|x86.ActiveCfg = Debug|Win32
		{0AB4A095-D7BD-4ED3-90C1-08DAB65F405D}.Debug|x86.Build.0 = Debug|Win32
		{0AB4A095-D7BD-4ED3-90C1-08DAB65F405D}.Release|x64.ActiveCfg = Release|x64
		{0AB4A095-D7BD-4ED3-90C1-08DAB65F405D}.Release|x64.Build.0 = Release|x64
		{0AB4A095-D7BD-4ED3-90C1-08DAB65F405D}.Release|x86.ActiveCfg = Release|Win32
		{0AB4A095-D7BD-4ED3-90C1-08DAB65F405D}.Release|x86.Build.0 = Release|Win32
		{17830287-B089-4416-B21E-93BED79559A3}.Debug|x64.ActiveCfg = Debug|x64
		{17830287-B089-4416-B21E-93BED79559A3}.Debug|x64.Build.0 = Debug|x64
		{17830287-B089-4416-B21E-93BED79559A3}.Debug|x86.ActiveCfg = Debug|Win32
		{17830287-B089-4416-B21E-93BED79559A3}.Debug|x86.Build.0 = Debug|Win32
		{17830287-B089-4416-B21E-93BED79559A3}.Release|x64.ActiveCfg = Release|x64
		{17830287-B089-4416-B21E-93BED79559A3}.Release|x64.Build.0 = Release|x64
		{17830287-B089-4416-B21E-93BED79559A3}.Release|x86.ActiveCfg = Release|Win32
		{17830287-B089-4416-B21E-93BED79559A3}.Release|x86.Build.0 = Release|Win32
	EndGlobalSection
	GlobalSection(SolutionProperties) = preSolution
		HideSolutionNode = FALSE
	EndGlobalSection
	GlobalSection(ExtensibilityGlobals) = postSolution
		SolutionGuid = {949C2356-67A1-4240-A194-DE154C647603}
	EndGlobalSection
EndGlobal
