
Microsoft Visual Studio Solution File, Format Version 12.00
# Visual Studio Version 17
VisualStudioVersion = 17.4.33122.133
MinimumVisualStudioVersion = 10.0.40219.1
Project("{8BC9CEB8-8B4A-11D0-8D11-00A0C91BC942}") = "01. USD to BGN", "01. USD to BGN\01. USD to BGN.vcxproj", "{1A06C0A0-CB0F-4A9F-A2F6-D33BB66F4063}"
EndProject
Project("{8BC9CEB8-8B4A-11D0-8D11-00A0C91BC942}") = "02. Radians to Degrees", "02. Radians to Degrees\02. Radians to Degrees.vcxproj", "{CAD662DD-5E8E-4EE8-A6E7-8B7BE61F3098}"
EndProject
Project("{8BC9CEB8-8B4A-11D0-8D11-00A0C91BC942}") = "03. Deposit Calculator", "03. Deposit Calculator\03. Deposit Calculator.vcxproj", "{7613CEE9-6608-4465-BDE4-2B22E2005DC7}"
EndProject
Project("{8BC9CEB8-8B4A-11D0-8D11-00A0C91BC942}") = "04. Vacation Books List", "04. Vacation Books List\04. Vacation Books List.vcxproj", "{80DFFECE-381A-4A51-8618-4AF1A8EC504D}"
EndProject
Project("{8BC9CEB8-8B4A-11D0-8D11-00A0C91BC942}") = "05. Supplies for School", "05. Supplies for School\05. Supplies for School.vcxproj", "{1EF1294F-AB00-44B9-8D6C-B1A2990689DD}"
EndProject
Global
	GlobalSection(SolutionConfigurationPlatforms) = preSolution
		Debug|x64 = Debug|x64
		Debug|x86 = Debug|x86
		Release|x64 = Release|x64
		Release|x86 = Release|x86
	EndGlobalSection
	GlobalSection(ProjectConfigurationPlatforms) = postSolution
		{1A06C0A0-CB0F-4A9F-A2F6-D33BB66F4063}.Debug|x64.ActiveCfg = Debug|x64
		{1A06C0A0-CB0F-4A9F-A2F6-D33BB66F4063}.Debug|x64.Build.0 = Debug|x64
		{1A06C0A0-CB0F-4A9F-A2F6-D33BB66F4063}.Debug|x86.ActiveCfg = Debug|Win32
		{1A06C0A0-CB0F-4A9F-A2F6-D33BB66F4063}.Debug|x86.Build.0 = Debug|Win32
		{1A06C0A0-CB0F-4A9F-A2F6-D33BB66F4063}.Release|x64.ActiveCfg = Release|x64
		{1A06C0A0-CB0F-4A9F-A2F6-D33BB66F4063}.Release|x64.Build.0 = Release|x64
		{1A06C0A0-CB0F-4A9F-A2F6-D33BB66F4063}.Release|x86.ActiveCfg = Release|Win32
		{1A06C0A0-CB0F-4A9F-A2F6-D33BB66F4063}.Release|x86.Build.0 = Release|Win32
		{CAD662DD-5E8E-4EE8-A6E7-8B7BE61F3098}.Debug|x64.ActiveCfg = Debug|x64
		{CAD662DD-5E8E-4EE8-A6E7-8B7BE61F3098}.Debug|x64.Build.0 = Debug|x64
		{CAD662DD-5E8E-4EE8-A6E7-8B7BE61F3098}.Debug|x86.ActiveCfg = Debug|Win32
		{CAD662DD-5E8E-4EE8-A6E7-8B7BE61F3098}.Debug|x86.Build.0 = Debug|Win32
		{CAD662DD-5E8E-4EE8-A6E7-8B7BE61F3098}.Release|x64.ActiveCfg = Release|x64
		{CAD662DD-5E8E-4EE8-A6E7-8B7BE61F3098}.Release|x64.Build.0 = Release|x64
		{CAD662DD-5E8E-4EE8-A6E7-8B7BE61F3098}.Release|x86.ActiveCfg = Release|Win32
		{CAD662DD-5E8E-4EE8-A6E7-8B7BE61F3098}.Release|x86.Build.0 = Release|Win32
		{7613CEE9-6608-4465-BDE4-2B22E2005DC7}.Debug|x64.ActiveCfg = Debug|x64
		{7613CEE9-6608-4465-BDE4-2B22E2005DC7}.Debug|x64.Build.0 = Debug|x64
		{7613CEE9-6608-4465-BDE4-2B22E2005DC7}.Debug|x86.ActiveCfg = Debug|Win32
		{7613CEE9-6608-4465-BDE4-2B22E2005DC7}.Debug|x86.Build.0 = Debug|Win32
		{7613CEE9-6608-4465-BDE4-2B22E2005DC7}.Release|x64.ActiveCfg = Release|x64
		{7613CEE9-6608-4465-BDE4-2B22E2005DC7}.Release|x64.Build.0 = Release|x64
		{7613CEE9-6608-4465-BDE4-2B22E2005DC7}.Release|x86.ActiveCfg = Release|Win32
		{7613CEE9-6608-4465-BDE4-2B22E2005DC7}.Release|x86.Build.0 = Release|Win32
		{80DFFECE-381A-4A51-8618-4AF1A8EC504D}.Debug|x64.ActiveCfg = Debug|x64
		{80DFFECE-381A-4A51-8618-4AF1A8EC504D}.Debug|x64.Build.0 = Debug|x64
		{80DFFECE-381A-4A51-8618-4AF1A8EC504D}.Debug|x86.ActiveCfg = Debug|Win32
		{80DFFECE-381A-4A51-8618-4AF1A8EC504D}.Debug|x86.Build.0 = Debug|Win32
		{80DFFECE-381A-4A51-8618-4AF1A8EC504D}.Release|x64.ActiveCfg = Release|x64
		{80DFFECE-381A-4A51-8618-4AF1A8EC504D}.Release|x64.Build.0 = Release|x64
		{80DFFECE-381A-4A51-8618-4AF1A8EC504D}.Release|x86.ActiveCfg = Release|Win32
		{80DFFECE-381A-4A51-8618-4AF1A8EC504D}.Release|x86.Build.0 = Release|Win32
		{1EF1294F-AB00-44B9-8D6C-B1A2990689DD}.Debug|x64.ActiveCfg = Debug|x64
		{1EF1294F-AB00-44B9-8D6C-B1A2990689DD}.Debug|x64.Build.0 = Debug|x64
		{1EF1294F-AB00-44B9-8D6C-B1A2990689DD}.Debug|x86.ActiveCfg = Debug|Win32
		{1EF1294F-AB00-44B9-8D6C-B1A2990689DD}.Debug|x86.Build.0 = Debug|Win32
		{1EF1294F-AB00-44B9-8D6C-B1A2990689DD}.Release|x64.ActiveCfg = Release|x64
		{1EF1294F-AB00-44B9-8D6C-B1A2990689DD}.Release|x64.Build.0 = Release|x64
		{1EF1294F-AB00-44B9-8D6C-B1A2990689DD}.Release|x86.ActiveCfg = Release|Win32
		{1EF1294F-AB00-44B9-8D6C-B1A2990689DD}.Release|x86.Build.0 = Release|Win32
	EndGlobalSection
	GlobalSection(SolutionProperties) = preSolution
		HideSolutionNode = FALSE
	EndGlobalSection
	GlobalSection(ExtensibilityGlobals) = postSolution
		SolutionGuid = {7F2849C7-3931-4C96-9E59-83FAF01470C0}
	EndGlobalSection
EndGlobal
